
Microsoft Visual Studio Solution File, Format Version 12.00
# Visual Studio 15
VisualStudioVersion = 15.0.28307.421
MinimumVisualStudioVersion = 10.0.40219.1
Project("{FAE04EC0-301F-11D3-BF4B-00C04F79EFBC}") = "GameProject", "GameProject\GameProject.csproj", "{1A8EE49D-1C89-4B1F-8FCD-290EDE609FC2}"
EndProject
Global
	GlobalSection(SolutionConfigurationPlatforms) = preSolution
		Debug|Any CPU = Debug|Any CPU
		Release|Any CPU = Release|Any CPU
	EndGlobalSection
	GlobalSection(ProjectConfigurationPlatforms) = postSolution
		{1A8EE49D-1C89-4B1F-8FCD-290EDE609FC2}.Debug|Any CPU.ActiveCfg = Debug|Any CPU
		{1A8EE49D-1C89-4B1F-8FCD-290EDE609FC2}.Debug|Any CPU.Build.0 = Debug|Any CPU
		{1A8EE49D-1C89-4B1F-8FCD-290EDE609FC2}.Release|Any CPU.ActiveCfg = Release|Any CPU
		{1A8EE49D-1C89-4B1F-8FCD-290EDE609FC2}.Release|Any CPU.Build.0 = Release|Any CPU
	EndGlobalSection
	GlobalSection(SolutionProperties) = preSolution
		HideSolutionNode = FALSE
	EndGlobalSection
	GlobalSection(ExtensibilityGlobals) = postSolution
		SolutionGuid = {40B6B950-1621-436A-AE96-60DECDA9C37E}
	EndGlobalSection
EndGlobal
